Microsoft Visual Studio Solution File, Format Version 11.00
# Visual Studio 2008

Project("{8483ED50-F565-0DF3-0468-693987F30D69}") = "[Unity Project] Strafe", "Assembly-CSharp.csproj", "{9A8511E9-5DB6-12E3-32C1-307AD5C55D27}"
EndProject
Global
	GlobalSection(SolutionConfigurationPlatforms) = preSolution
		Debug|Any CPU = Debug|Any CPU
		Release|Any CPU = Release|Any CPU
	EndGlobalSection
	GlobalSection(ProjectConfigurationPlatforms) = postSolution
		{9A8511E9-5DB6-12E3-32C1-307AD5C55D27}.Debug|Any CPU.ActiveCfg = Debug|Any CPU
		{9A8511E9-5DB6-12E3-32C1-307AD5C55D27}.Debug|Any CPU.Build.0 = Debug|Any CPU
		{9A8511E9-5DB6-12E3-32C1-307AD5C55D27}.Release|Any CPU.ActiveCfg = Release|Any CPU
		{9A8511E9-5DB6-12E3-32C1-307AD5C55D27}.Release|Any CPU.Build.0 = Release|Any CPU
	EndGlobalSection
	GlobalSection(SolutionProperties) = preSolution
		HideSolutionNode = FALSE
	EndGlobalSection
	GlobalSection(MonoDevelopProperties) = preSolution
		StartupItem = Assembly-CSharp.csproj
	EndGlobalSection
EndGlobal
